
Microsoft Visual Studio Solution File, Format Version 11.00
# Visual Studio 2010
Project("{FAE04EC0-301F-11D3-BF4B-00C04F79EFBC}") = "Facturas CSharp", "Facturas CSharp\Facturas CSharp.csproj", "{3E27D467-6560-4C8D-801E-B0FED72FB123}"
EndProject
Global
	GlobalSection(SolutionConfigurationPlatforms) = preSolution
		Debug|Any CPU = Debug|Any CPU
		Release|Any CPU = Release|Any CPU
	EndGlobalSection
	GlobalSection(ProjectConfigurationPlatforms) = postSolution
		{3E27D467-6560-4C8D-801E-B0FED72FB123}.Debug|Any CPU.ActiveCfg = Debug|Any CPU
		{3E27D467-6560-4C8D-801E-B0FED72FB123}.Debug|Any CPU.Build.0 = Debug|Any CPU
		{3E27D467-6560-4C8D-801E-B0FED72FB123}.Release|Any CPU.ActiveCfg = Release|Any CPU
		{3E27D467-6560-4C8D-801E-B0FED72FB123}.Release|Any CPU.Build.0 = Release|Any CPU
	EndGlobalSection
	GlobalSection(SolutionProperties) = preSolution
		HideSolutionNode = FALSE
	EndGlobalSection
EndGlobal
